{
  "version": 4,
  "terraform_version": "1.2.4",
  "serial": 116,
  "lineage": "1cfe2193-450a-b3bd-b9f7-48d4421e0d98",
  "outputs": {
    "cloudfront_distribution_domain_name": {
      "value": "dw65l9ri375zp.cloudfront.net",
      "type": "string"
    }
  },
  "resources": [
    {
      "mode": "data",
      "type": "aws_iam_policy_document",
      "name": "s3_policy",
      "provider": "provider[\"registry.terraform.io/hashicorp/aws\"]",
      "instances": [
        {
          "schema_version": 0,
          "attributes": {
            "id": "4104952069",
            "json": "{\n  \"Version\": \"2012-10-17\",\n  \"Statement\": [\n    {\n      \"Sid\": \"\",\n      \"Effect\": \"Allow\",\n      \"Action\": \"s3:GetObject\",\n      \"Resource\": \"arn:aws:s3:::terr-cdn-website-bkt/*\",\n      \"Principal\": {\n        \"AWS\": \"arn:aws:iam::cloudfront:user/CloudFront Origin Access Identity EA23K9KPPIHYZ\"\n      }\n    }\n  ]\n}",
            "override_json": null,
            "override_policy_documents": null,
            "policy_id": null,
            "source_json": null,
            "source_policy_documents": null,
            "statement": [
              {
                "actions": [
                  "s3:GetObject"
                ],
                "condition": [],
                "effect": "Allow",
                "not_actions": [],
                "not_principals": [],
                "not_resources": [],
                "principals": [
                  {
                    "identifiers": [
                      "arn:aws:iam::cloudfront:user/CloudFront Origin Access Identity EA23K9KPPIHYZ"
                    ],
                    "type": "AWS"
                  }
                ],
                "resources": [
                  "arn:aws:s3:::terr-cdn-website-bkt/*"
                ],
                "sid": ""
              }
            ],
            "version": "2012-10-17"
          },
          "sensitive_attributes": []
        }
      ]
    },
    {
      "mode": "managed",
      "type": "aws_cloudfront_function",
      "name": "viewer_request",
      "provider": "provider[\"registry.terraform.io/hashicorp/aws\"]",
      "instances": [
        {
          "schema_version": 0,
          "attributes": {
            "arn": "arn:aws:cloudfront::077344799555:function/my-awesome-cdn-viewer-request",
            "code": "function handler(event) {\r\n  var request = event.request;\r\n  var routes = request.uri.split(\"/\");\r\n\r\n  // assume uri to be like /**/* or /**/*/ that require modification\r\n  // modify uri by appending .html so that the right object can be found in s3\r\n  if (routes[routes.length - 1] === \"\") {\r\n    routes.pop();\r\n  }\r\n\r\n  if (routes.length \u003e 0) {\r\n    var lastRoute = routes[routes.length - 1];\r\n    if (lastRoute !== \"\" \u0026\u0026 !routes[routes.length - 1].includes(\".\")) {\r\n      routes[routes.length - 1] += \".html\";\r\n    }\r\n\r\n    var newUri = routes.join(\"/\");\r\n    if (!newUri.startsWith(\"/\")) {\r\n      newUri = \"/\" + newUri;\r\n    }\r\n\r\n    request.uri = newUri;\r\n    return request;\r\n  } else {\r\n    return request;\r\n  }\r\n}\r\n",
            "comment": "",
            "etag": "ETVPDKIKX0DER",
            "id": "my-awesome-cdn-viewer-request",
            "live_stage_etag": "ETVPDKIKX0DER",
            "name": "my-awesome-cdn-viewer-request",
            "publish": true,
            "runtime": "cloudfront-js-1.0",
            "status": "UNASSOCIATED"
          },
          "sensitive_attributes": [],
          "private": "bnVsbA=="
        }
      ]
    },
    {
      "mode": "managed",
      "type": "aws_s3_bucket_policy",
      "name": "docs",
      "provider": "provider[\"registry.terraform.io/hashicorp/aws\"]",
      "instances": [
        {
          "schema_version": 0,
          "attributes": {
            "bucket": "terr-cdn-website-bkt",
            "id": "terr-cdn-website-bkt",
            "policy": "{\n  \"Version\": \"2012-10-17\",\n  \"Statement\": [\n    {\n      \"Sid\": \"\",\n      \"Effect\": \"Allow\",\n      \"Action\": \"s3:GetObject\",\n      \"Resource\": \"arn:aws:s3:::terr-cdn-website-bkt/*\",\n      \"Principal\": {\n        \"AWS\": \"arn:aws:iam::cloudfront:user/CloudFront Origin Access Identity EA23K9KPPIHYZ\"\n      }\n    }\n  ]\n}"
          },
          "sensitive_attributes": [],
          "private": "bnVsbA==",
          "dependencies": [
            "data.aws_iam_policy_document.s3_policy",
            "module.cdn.aws_cloudfront_origin_access_identity.this",
            "module.s3_bucket.aws_s3_bucket.this",
            "module.s3_bucket.aws_s3_bucket_policy.this"
          ]
        }
      ]
    },
    {
      "module": "module.cdn",
      "mode": "managed",
      "type": "aws_cloudfront_distribution",
      "name": "this",
      "provider": "provider[\"registry.terraform.io/hashicorp/aws\"]",
      "instances": [
        {
          "index_key": 0,
          "schema_version": 1,
          "attributes": {
            "aliases": null,
            "arn": "arn:aws:cloudfront::077344799555:distribution/E2BJTMHUEVYJKE",
            "caller_reference": "terraform-20220801095220807200000002",
            "comment": "My Awesome Cloudfront",
            "custom_error_response": [
              {
                "error_caching_min_ttl": null,
                "error_code": 403,
                "response_code": 404,
                "response_page_path": "/404.html"
              },
              {
                "error_caching_min_ttl": null,
                "error_code": 404,
                "response_code": 404,
                "response_page_path": "/404.html"
              }
            ],
            "default_cache_behavior": [
              {
                "allowed_methods": [
                  "GET",
                  "HEAD"
                ],
                "cache_policy_id": "",
                "cached_methods": [
                  "GET",
                  "HEAD"
                ],
                "compress": true,
                "default_ttl": 5400,
                "field_level_encryption_id": "",
                "forwarded_values": [
                  {
                    "cookies": [
                      {
                        "forward": "none",
                        "whitelisted_names": []
                      }
                    ],
                    "headers": [],
                    "query_string": false,
                    "query_string_cache_keys": []
                  }
                ],
                "function_association": [
                  {
                    "event_type": "viewer-request",
                    "function_arn": "arn:aws:cloudfront::077344799555:function/my-awesome-cdn-viewer-request"
                  }
                ],
                "lambda_function_association": [],
                "max_ttl": 7200,
                "min_ttl": 3600,
                "origin_request_policy_id": "",
                "realtime_log_config_arn": "",
                "response_headers_policy_id": "",
                "smooth_streaming": false,
                "target_origin_id": "awesome_s3",
                "trusted_key_groups": [],
                "trusted_signers": [],
                "viewer_protocol_policy": "redirect-to-https"
              }
            ],
            "default_root_object": "index.html",
            "domain_name": "dw65l9ri375zp.cloudfront.net",
            "enabled": true,
            "etag": "E3A3O7WOGPLVGC",
            "hosted_zone_id": "Z2FDTNDATAQYW2",
            "http_version": "http2",
            "id": "E2BJTMHUEVYJKE",
            "in_progress_validation_batches": 0,
            "is_ipv6_enabled": true,
            "last_modified_time": "2022-08-01 09:52:22.817 +0000 UTC",
            "logging_config": [],
            "ordered_cache_behavior": [],
            "origin": [
              {
                "connection_attempts": 3,
                "connection_timeout": 10,
                "custom_header": [],
                "custom_origin_config": [],
                "domain_name": "terr-cdn-website-bkt.s3.amazonaws.com",
                "origin_id": "awesome_s3",
                "origin_path": "",
                "origin_shield": [],
                "s3_origin_config": [
                  {
                    "origin_access_identity": "origin-access-identity/cloudfront/EA23K9KPPIHYZ"
                  }
                ]
              }
            ],
            "origin_group": [],
            "price_class": "PriceClass_200",
            "restrictions": [
              {
                "geo_restriction": [
                  {
                    "locations": [],
                    "restriction_type": "none"
                  }
                ]
              }
            ],
            "retain_on_delete": false,
            "status": "InProgress",
            "tags": null,
            "tags_all": {},
            "trusted_key_groups": [
              {
                "enabled": false,
                "items": []
              }
            ],
            "trusted_signers": [
              {
                "enabled": false,
                "items": []
              }
            ],
            "viewer_certificate": [
              {
                "acm_certificate_arn": "",
                "cloudfront_default_certificate": true,
                "iam_certificate_id": "",
                "minimum_protocol_version": "TLSv1",
                "ssl_support_method": ""
              }
            ],
            "wait_for_deployment": false,
            "web_acl_id": "960c2aaa-6b44-44f1-9554-9e3dc144e583"
          },
          "sensitive_attributes": [],
          "private": "eyJzY2hlbWFfdmVyc2lvbiI6IjEifQ==",
          "dependencies": [
            "aws_cloudfront_function.viewer_request",
            "module.cdn.aws_cloudfront_origin_access_identity.this",
            "module.cdn.module.waf-module.aws_waf_ipset.ipset",
            "module.cdn.module.waf-module.aws_waf_rule.waf_rule",
            "module.cdn.module.waf-module.aws_waf_rule_group.rule_group",
            "module.cdn.module.waf-module.aws_waf_web_acl.waf_acl",
            "module.s3_bucket.aws_s3_bucket.this"
          ]
        }
      ]
    },
    {
      "module": "module.cdn",
      "mode": "managed",
      "type": "aws_cloudfront_origin_access_identity",
      "name": "this",
      "provider": "provider[\"registry.terraform.io/hashicorp/aws\"]",
      "instances": [
        {
          "index_key": "awesome_s3",
          "schema_version": 0,
          "attributes": {
            "caller_reference": "terraform-20220801095158030600000001",
            "cloudfront_access_identity_path": "origin-access-identity/cloudfront/EA23K9KPPIHYZ",
            "comment": "My awesome cloudfront can access",
            "etag": "E1125ODXC4C6QJ",
            "iam_arn": "arn:aws:iam::cloudfront:user/CloudFront Origin Access Identity EA23K9KPPIHYZ",
            "id": "EA23K9KPPIHYZ",
            "s3_canonical_user_id": "5a5e7fd5b346eddb4e984c752dfde18004056986e4dcfacbeea0db1be46bafbd56043cc2dcf7021b34abeedff9fe2c00"
          },
          "sensitive_attributes": [],
          "private": "bnVsbA==",
          "create_before_destroy": true
        }
      ]
    },
    {
      "module": "module.cdn.module.waf-module",
      "mode": "managed",
      "type": "aws_waf_ipset",
      "name": "ipset",
      "provider": "provider[\"registry.terraform.io/hashicorp/aws\"]",
      "instances": [
        {
          "schema_version": 0,
          "attributes": {
            "arn": "arn:aws:waf::077344799555:ipset/77053170-86a3-46ec-8140-1a412c5997ba",
            "id": "77053170-86a3-46ec-8140-1a412c5997ba",
            "ip_set_descriptors": [
              {
                "type": "IPV4",
                "value": "10.111.0.0/20"
              }
            ],
            "name": "MyFirstipset"
          },
          "sensitive_attributes": [],
          "private": "bnVsbA=="
        }
      ]
    },
    {
      "module": "module.cdn.module.waf-module",
      "mode": "managed",
      "type": "aws_waf_rule",
      "name": "waf_rule",
      "provider": "provider[\"registry.terraform.io/hashicorp/aws\"]",
      "instances": [
        {
          "schema_version": 0,
          "attributes": {
            "arn": "arn:aws:waf::077344799555:rule/bd253d13-8a13-4088-905a-1bb0268dcde5",
            "id": "bd253d13-8a13-4088-905a-1bb0268dcde5",
            "metric_name": "myFirstwafrulemetrics",
            "name": "myFirstwafrulename",
            "predicates": [
              {
                "data_id": "77053170-86a3-46ec-8140-1a412c5997ba",
                "negated": false,
                "type": "IPMatch"
              }
            ],
            "tags": null,
            "tags_all": {}
          },
          "sensitive_attributes": [],
          "private": "bnVsbA==",
          "dependencies": [
            "module.cdn.module.waf-module.aws_waf_ipset.ipset"
          ]
        }
      ]
    },
    {
      "module": "module.cdn.module.waf-module",
      "mode": "managed",
      "type": "aws_waf_rule_group",
      "name": "rule_group",
      "provider": "provider[\"registry.terraform.io/hashicorp/aws\"]",
      "instances": [
        {
          "schema_version": 0,
          "attributes": {
            "activated_rule": [
              {
                "action": [
                  {
                    "type": "COUNT"
                  }
                ],
                "priority": 50,
                "rule_id": "bd253d13-8a13-4088-905a-1bb0268dcde5",
                "type": "REGULAR"
              }
            ],
            "arn": "arn:aws:waf::077344799555:rulegroup/71e26ff7-2518-49f4-bc55-d87a992d00e7",
            "id": "71e26ff7-2518-49f4-bc55-d87a992d00e7",
            "metric_name": "myFirstwafrulemetrics",
            "name": "myFirstwaf_rule_group_name",
            "tags": null,
            "tags_all": {}
          },
          "sensitive_attributes": [],
          "private": "bnVsbA==",
          "dependencies": [
            "module.cdn.module.waf-module.aws_waf_ipset.ipset",
            "module.cdn.module.waf-module.aws_waf_rule.waf_rule"
          ]
        }
      ]
    },
    {
      "module": "module.cdn.module.waf-module",
      "mode": "managed",
      "type": "aws_waf_web_acl",
      "name": "waf_acl",
      "provider": "provider[\"registry.terraform.io/hashicorp/aws\"]",
      "instances": [
        {
          "schema_version": 0,
          "attributes": {
            "arn": "arn:aws:waf::077344799555:webacl/960c2aaa-6b44-44f1-9554-9e3dc144e583",
            "default_action": [
              {
                "type": "ALLOW"
              }
            ],
            "id": "960c2aaa-6b44-44f1-9554-9e3dc144e583",
            "logging_configuration": [],
            "metric_name": "myFirstwebaclmetics",
            "name": "myFirstwebacl",
            "rules": [
              {
                "action": [
                  {
                    "type": "BLOCK"
                  }
                ],
                "override_action": [],
                "priority": 1,
                "rule_id": "bd253d13-8a13-4088-905a-1bb0268dcde5",
                "type": "REGULAR"
              }
            ],
            "tags": null,
            "tags_all": {}
          },
          "sensitive_attributes": [],
          "private": "bnVsbA==",
          "dependencies": [
            "module.cdn.module.waf-module.aws_waf_ipset.ipset",
            "module.cdn.module.waf-module.aws_waf_rule.waf_rule"
          ]
        }
      ]
    },
    {
      "module": "module.s3_bucket",
      "mode": "data",
      "type": "aws_canonical_user_id",
      "name": "this",
      "provider": "provider[\"registry.terraform.io/hashicorp/aws\"]",
      "instances": [
        {
          "schema_version": 0,
          "attributes": {
            "display_name": "sreejaniaws",
            "id": "a39c079e73153554695675794f36dfbaa0b33d8c95607885abce0575ba510657"
          },
          "sensitive_attributes": []
        }
      ]
    },
    {
      "module": "module.s3_bucket",
      "mode": "managed",
      "type": "aws_s3_bucket",
      "name": "this",
      "provider": "provider[\"registry.terraform.io/hashicorp/aws\"]",
      "instances": [
        {
          "index_key": 0,
          "schema_version": 0,
          "attributes": {
            "acceleration_status": "",
            "acl": null,
            "arn": "arn:aws:s3:::terr-cdn-website-bkt",
            "bucket": "terr-cdn-website-bkt",
            "bucket_domain_name": "terr-cdn-website-bkt.s3.amazonaws.com",
            "bucket_prefix": null,
            "bucket_regional_domain_name": "terr-cdn-website-bkt.s3.amazonaws.com",
            "cors_rule": [],
            "force_destroy": true,
            "grant": [
              {
                "id": "a39c079e73153554695675794f36dfbaa0b33d8c95607885abce0575ba510657",
                "permissions": [
                  "FULL_CONTROL"
                ],
                "type": "CanonicalUser",
                "uri": ""
              }
            ],
            "hosted_zone_id": "Z3AQBSTGFYJSTF",
            "id": "terr-cdn-website-bkt",
            "lifecycle_rule": [],
            "logging": [],
            "object_lock_configuration": [],
            "object_lock_enabled": false,
            "policy": "",
            "region": "us-east-1",
            "replication_configuration": [],
            "request_payer": "BucketOwner",
            "server_side_encryption_configuration": [],
            "tags": null,
            "tags_all": {},
            "versioning": [
              {
                "enabled": false,
                "mfa_delete": false
              }
            ],
            "website": [],
            "website_domain": null,
            "website_endpoint": null
          },
          "sensitive_attributes": [],
          "private": "bnVsbA=="
        }
      ]
    },
    {
      "module": "module.s3_bucket",
      "mode": "managed",
      "type": "aws_s3_bucket_acl",
      "name": "this",
      "provider": "provider[\"registry.terraform.io/hashicorp/aws\"]",
      "instances": [
        {
          "index_key": 0,
          "schema_version": 0,
          "attributes": {
            "access_control_policy": [
              {
                "grant": [
                  {
                    "grantee": [
                      {
                        "display_name": "sreejaniaws",
                        "email_address": "",
                        "id": "a39c079e73153554695675794f36dfbaa0b33d8c95607885abce0575ba510657",
                        "type": "CanonicalUser",
                        "uri": ""
                      }
                    ],
                    "permission": "FULL_CONTROL"
                  }
                ],
                "owner": [
                  {
                    "display_name": "sreejaniaws",
                    "id": "a39c079e73153554695675794f36dfbaa0b33d8c95607885abce0575ba510657"
                  }
                ]
              }
            ],
            "acl": "private",
            "bucket": "terr-cdn-website-bkt",
            "expected_bucket_owner": "",
            "id": "terr-cdn-website-bkt,private"
          },
          "sensitive_attributes": [],
          "private": "bnVsbA==",
          "dependencies": [
            "module.s3_bucket.aws_s3_bucket.this",
            "module.s3_bucket.data.aws_canonical_user_id.this"
          ]
        }
      ]
    },
    {
      "module": "module.s3_bucket",
      "mode": "managed",
      "type": "aws_s3_bucket_public_access_block",
      "name": "this",
      "provider": "provider[\"registry.terraform.io/hashicorp/aws\"]",
      "instances": [
        {
          "index_key": 0,
          "schema_version": 0,
          "attributes": {
            "block_public_acls": false,
            "block_public_policy": false,
            "bucket": "terr-cdn-website-bkt",
            "id": "terr-cdn-website-bkt",
            "ignore_public_acls": false,
            "restrict_public_buckets": false
          },
          "sensitive_attributes": [],
          "private": "bnVsbA==",
          "dependencies": [
            "module.s3_bucket.aws_s3_bucket.this",
            "module.s3_bucket.aws_s3_bucket_policy.this"
          ]
        }
      ]
    },
    {
      "module": "module.waf-cdn",
      "mode": "managed",
      "type": "aws_waf_ipset",
      "name": "ipset",
      "provider": "provider[\"registry.terraform.io/hashicorp/aws\"]",
      "instances": [
        {
          "schema_version": 0,
          "attributes": {
            "arn": "arn:aws:waf::077344799555:ipset/9ee89a5d-8d5d-4ecd-8990-d3bc766e88aa",
            "id": "9ee89a5d-8d5d-4ecd-8990-d3bc766e88aa",
            "ip_set_descriptors": [
              {
                "type": "IPV4",
                "value": "10.111.0.0/20"
              }
            ],
            "name": "MyFirstipset"
          },
          "sensitive_attributes": [],
          "private": "bnVsbA=="
        }
      ]
    },
    {
      "module": "module.waf-cdn",
      "mode": "managed",
      "type": "aws_waf_rule",
      "name": "waf_rule",
      "provider": "provider[\"registry.terraform.io/hashicorp/aws\"]",
      "instances": [
        {
          "schema_version": 0,
          "attributes": {
            "arn": "arn:aws:waf::077344799555:rule/8ef27700-5710-440f-989d-0da408a2f3dd",
            "id": "8ef27700-5710-440f-989d-0da408a2f3dd",
            "metric_name": "myFirstwafrulemetrics",
            "name": "myFirstwafrulename",
            "predicates": [
              {
                "data_id": "9ee89a5d-8d5d-4ecd-8990-d3bc766e88aa",
                "negated": false,
                "type": "IPMatch"
              }
            ],
            "tags": null,
            "tags_all": {}
          },
          "sensitive_attributes": [],
          "private": "bnVsbA==",
          "dependencies": [
            "module.waf-cdn.aws_waf_ipset.ipset"
          ]
        }
      ]
    },
    {
      "module": "module.waf-cdn",
      "mode": "managed",
      "type": "aws_waf_rule_group",
      "name": "rule_group",
      "provider": "provider[\"registry.terraform.io/hashicorp/aws\"]",
      "instances": [
        {
          "schema_version": 0,
          "attributes": {
            "activated_rule": [
              {
                "action": [
                  {
                    "type": "COUNT"
                  }
                ],
                "priority": 50,
                "rule_id": "8ef27700-5710-440f-989d-0da408a2f3dd",
                "type": "REGULAR"
              }
            ],
            "arn": "arn:aws:waf::077344799555:rulegroup/03e7166e-35e1-4629-adbd-4a27008ccffd",
            "id": "03e7166e-35e1-4629-adbd-4a27008ccffd",
            "metric_name": "myFirstwafrulemetrics",
            "name": "myFirstwaf_rule_group_name",
            "tags": null,
            "tags_all": {}
          },
          "sensitive_attributes": [],
          "private": "bnVsbA==",
          "dependencies": [
            "module.waf-cdn.aws_waf_ipset.ipset",
            "module.waf-cdn.aws_waf_rule.waf_rule"
          ]
        }
      ]
    },
    {
      "module": "module.waf-cdn",
      "mode": "managed",
      "type": "aws_waf_web_acl",
      "name": "waf_acl",
      "provider": "provider[\"registry.terraform.io/hashicorp/aws\"]",
      "instances": [
        {
          "schema_version": 0,
          "attributes": {
            "arn": "arn:aws:waf::077344799555:webacl/2c1c1b75-be5f-4247-b8a4-2c53eec65a86",
            "default_action": [
              {
                "type": "ALLOW"
              }
            ],
            "id": "2c1c1b75-be5f-4247-b8a4-2c53eec65a86",
            "logging_configuration": [],
            "metric_name": "myFirstwebaclmetics",
            "name": "myFirstwebacl",
            "rules": [
              {
                "action": [
                  {
                    "type": "BLOCK"
                  }
                ],
                "override_action": [],
                "priority": 1,
                "rule_id": "8ef27700-5710-440f-989d-0da408a2f3dd",
                "type": "REGULAR"
              }
            ],
            "tags": null,
            "tags_all": {}
          },
          "sensitive_attributes": [],
          "private": "bnVsbA==",
          "dependencies": [
            "module.waf-cdn.aws_waf_ipset.ipset",
            "module.waf-cdn.aws_waf_rule.waf_rule"
          ]
        }
      ]
    }
  ]
}
